// !$*UTF8*$!
{
	archiveVersion = 1;
	classes = {
	};
	objectVersion = 50;
	objects = {

/* Begin PBXBuildFile section */
		2B1FC4D823C9587A00CC75C0 /* C++_While_Loop.cpp in Sources */ = {isa = PBXBuildFile; fileRef = 2B1FC4D423C9536000CC75C0 /* C++_While_Loop.cpp */; };
/* End PBXBuildFile section */

/* Begin PBXCopyFilesBuildPhase section */
		2B1FC4BD23C943E100CC75C0 /* CopyFiles */ = {
			isa = PBXCopyFilesBuildPhase;
			buildActionMask = 2147483647;
			dstPath = /usr/share/man/man1/;
			dstSubfolderSpec = 0;
			files = (
			);
			runOnlyForDeploymentPostprocessing = 1;
		};
/* End PBXCopyFilesBuildPhase section */

/* Begin PBXFileReference section */
		2B1FC4BF23C943E100CC75C0 /* Cpp_Leaning */ = {isa = PBXFileReference; explicitFileType = "compiled.mach-o.executable"; includeInIndex = 0; path = Cpp_Leaning; sourceTree = BUILT_PRODUCTS_DIR; };
		2B1FC4CA23C9484800CC75C0 /* C++_If_Statement.cpp */ = {isa = PBXFileReference; lastKnownFileType = sourcecode.cpp.cpp; path = "C++_If_Statement.cpp"; sourceTree = "<group>"; };
		2B1FC4CC23C94A4E00CC75C0 /* C++_If_Else_Statement.cpp */ = {isa = PBXFileReference; lastKnownFileType = sourcecode.cpp.cpp; path = "C++_If_Else_Statement.cpp"; sourceTree = "<group>"; };
		2B1FC4CE23C94CFE00CC75C0 /* C++_Nested_If_Else.cpp */ = {isa = PBXFileReference; lastKnownFileType = sourcecode.cpp.cpp; path = "C++_Nested_If_Else.cpp"; sourceTree = "<group>"; };
		2B1FC4D123C94F5700CC75C0 /* C++_For_Loop.cpp */ = {isa = PBXFileReference; lastKnownFileType = sourcecode.cpp.cpp; path = "C++_For_Loop.cpp"; sourceTree = "<group>"; };
		2B1FC4D423C9536000CC75C0 /* C++_While_Loop.cpp */ = {isa = PBXFileReference; lastKnownFileType = sourcecode.cpp.cpp; path = "C++_While_Loop.cpp"; sourceTree = "<group>"; };
		2B1FC4D623C9542700CC75C0 /* C++_Do_While_Loop.cpp */ = {isa = PBXFileReference; lastKnownFileType = sourcecode.cpp.cpp; path = "C++_Do_While_Loop.cpp"; sourceTree = "<group>"; };
/* End PBXFileReference section */

/* Begin PBXFrameworksBuildPhase section */
		2B1FC4BC23C943E100CC75C0 /* Frameworks */ = {
			isa = PBXFrameworksBuildPhase;
			buildActionMask = 2147483647;
			files = (
			);
			runOnlyForDeploymentPostprocessing = 0;
		};
/* End PBXFrameworksBuildPhase section */

/* Begin PBXGroup section */
		2B1FC4B623C943E100CC75C0 = {
			isa = PBXGroup;
			children = (
				2B1FC4D323C9530B00CC75C0 /* 3C++_While_and_Do_While_Loop */,
				2B1FC4D023C94F3A00CC75C0 /* 2C++_For_Loop */,
				2B1FC4C923C947FE00CC75C0 /* 1C++_If_Else */,
				2B1FC4C023C943E100CC75C0 /* Products */,
			);
			sourceTree = "<group>";
		};
		2B1FC4C023C943E100CC75C0 /* Products */ = {
			isa = PBXGroup;
			children = (
				2B1FC4BF23C943E100CC75C0 /* Cpp_Leaning */,
			);
			name = Products;
			sourceTree = "<group>";
		};
		2B1FC4C923C947FE00CC75C0 /* 1C++_If_Else */ = {
			isa = PBXGroup;
			children = (
				2B1FC4CA23C9484800CC75C0 /* C++_If_Statement.cpp */,
				2B1FC4CC23C94A4E00CC75C0 /* C++_If_Else_Statement.cpp */,
				2B1FC4CE23C94CFE00CC75C0 /* C++_Nested_If_Else.cpp */,
			);
			path = "1C++_If_Else";
			sourceTree = "<group>";
		};
		2B1FC4D023C94F3A00CC75C0 /* 2C++_For_Loop */ = {
			isa = PBXGroup;
			children = (
				2B1FC4D123C94F5700CC75C0 /* C++_For_Loop.cpp */,
			);
			path = "2C++_For_Loop";
			sourceTree = "<group>";
		};
		2B1FC4D323C9530B00CC75C0 /* 3C++_While_and_Do_While_Loop */ = {
			isa = PBXGroup;
			children = (
				2B1FC4D423C9536000CC75C0 /* C++_While_Loop.cpp */,
				2B1FC4D623C9542700CC75C0 /* C++_Do_While_Loop.cpp */,
			);
			path = "3C++_While_and_Do_While_Loop";
			sourceTree = "<group>";
		};
/* End PBXGroup section */

/* Begin PBXNativeTarget section */
		2B1FC4BE23C943E100CC75C0 /* Cpp_Leaning */ = {
			isa = PBXNativeTarget;
			buildConfigurationList = 2B1FC4C623C943E100CC75C0 /* Build configuration list for PBXNativeTarget "Cpp_Leaning" */;
			buildPhases = (
				2B1FC4BB23C943E100CC75C0 /* Sources */,
				2B1FC4BC23C943E100CC75C0 /* Frameworks */,
				2B1FC4BD23C943E100CC75C0 /* CopyFiles */,
			);
			buildRules = (
			);
			dependencies = (
			);
			name = Cpp_Leaning;
			productName = "C++_Leaning";
			productReference = 2B1FC4BF23C943E100CC75C0 /* Cpp_Leaning */;
			productType = "com.apple.product-type.tool";
		};
/* End PBXNativeTarget section */

/* Begin PBXProject section */
		2B1FC4B723C943E100CC75C0 /* Project object */ = {
			isa = PBXProject;
			attributes = {
				LastUpgradeCheck = 1130;
				ORGANIZATIONNAME = "shiji zhao";
				TargetAttributes = {
					2B1FC4BE23C943E100CC75C0 = {
						CreatedOnToolsVersion = 11.3;
					};
				};
			};
			buildConfigurationList = 2B1FC4BA23C943E100CC75C0 /* Build configuration list for PBXProject "Cpp_Leaning" */;
			compatibilityVersion = "Xcode 9.3";
			developmentRegion = en;
			hasScannedForEncodings = 0;
			knownRegions = (
				en,
				Base,
			);
			mainGroup = 2B1FC4B623C943E100CC75C0;
			productRefGroup = 2B1FC4C023C943E100CC75C0 /* Products */;
			projectDirPath = "";
			projectRoot = "";
			targets = (
				2B1FC4BE23C943E100CC75C0 /* Cpp_Leaning */,
			);
		};
/* End PBXProject section */

/* Begin PBXSourcesBuildPhase section */
		2B1FC4BB23C943E100CC75C0 /* Sources */ = {
			isa = PBXSourcesBuildPhase;
			buildActionMask = 2147483647;
			files = (
				2B1FC4D823C9587A00CC75C0 /* C++_While_Loop.cpp in Sources */,
			);
			runOnlyForDeploymentPostprocessing = 0;
		};
/* End PBXSourcesBuildPhase section */

/* Begin XCBuildConfiguration section */
		2B1FC4C423C943E100CC75C0 /* Debug */ = {
			isa = XCBuildConfiguration;
			buildSettings = {
				ALWAYS_SEARCH_USER_PATHS = NO;
				CLANG_ANALYZER_NONNULL = YES;
				CLANG_ANALYZER_NUMBER_OBJECT_CONVERSION = YES_AGGRESSIVE;
				CLANG_CXX_LANGUAGE_STANDARD = "gnu++14";
				CLANG_CXX_LIBRARY = "libc++";
				CLANG_ENABLE_MODULES = YES;
				CLANG_ENABLE_OBJC_ARC = YES;
				CLANG_ENABLE_OBJC_WEAK = YES;
				CLANG_WARN_BLOCK_CAPTURE_AUTORELEASING = YES;
				CLANG_WARN_BOOL_CONVERSION = YES;
				CLANG_WARN_COMMA = YES;
				CLANG_WARN_CONSTANT_CONVERSION = YES;
				CLANG_WARN_DEPRECATED_OBJC_IMPLEMENTATIONS = YES;
				CLANG_WARN_DIRECT_OBJC_ISA_USAGE = YES_ERROR;
				CLANG_WARN_DOCUMENTATION_COMMENTS = YES;
				CLANG_WARN_EMPTY_BODY = YES;
				CLANG_WARN_ENUM_CONVERSION = YES;
				CLANG_WARN_INFINITE_RECURSION = YES;
				CLANG_WARN_INT_CONVERSION = YES;
				CLANG_WARN_NON_LITERAL_NULL_CONVERSION = YES;
				CLANG_WARN_OBJC_IMPLICIT_RETAIN_SELF = YES;
				CLANG_WARN_OBJC_LITERAL_CONVERSION = YES;
				CLANG_WARN_OBJC_ROOT_CLASS = YES_ERROR;
				CLANG_WARN_RANGE_LOOP_ANALYSIS = YES;
				CLANG_WARN_STRICT_PROTOTYPES = YES;
				CLANG_WARN_SUSPICIOUS_MOVE = YES;
				CLANG_WARN_UNGUARDED_AVAILABILITY = YES_AGGRESSIVE;
				CLANG_WARN_UNREACHABLE_CODE = YES;
				CLANG_WARN__DUPLICATE_METHOD_MATCH = YES;
				COPY_PHASE_STRIP = NO;
				DEBUG_INFORMATION_FORMAT = dwarf;
				ENABLE_STRICT_OBJC_MSGSEND = YES;
				ENABLE_TESTABILITY = YES;
				GCC_C_LANGUAGE_STANDARD = gnu11;
				GCC_DYNAMIC_NO_PIC = NO;
				GCC_NO_COMMON_BLOCKS = YES;
				GCC_OPTIMIZATION_LEVEL = 0;
				GCC_PREPROCESSOR_DEFINITIONS = (
					"DEBUG=1",
					"$(inherited)",
				);
				GCC_WARN_64_TO_32_BIT_CONVERSION = YES;
				GCC_WARN_ABOUT_RETURN_TYPE = YES_ERROR;
				GCC_WARN_UNDECLARED_SELECTOR = YES;
				GCC_WARN_UNINITIALIZED_AUTOS = YES_AGGRESSIVE;
				GCC_WARN_UNUSED_FUNCTION = YES;
				GCC_WARN_UNUSED_VARIABLE = YES;
				MACOSX_DEPLOYMENT_TARGET = 10.14;
				MTL_ENABLE_DEBUG_INFO = INCLUDE_SOURCE;
				MTL_FAST_MATH = YES;
				ONLY_ACTIVE_ARCH = YES;
				SDKROOT = macosx;
			};
			name = Debug;
		};
		2B1FC4C523C943E100CC75C0 /* Release */ = {
			isa = XCBuildConfiguration;
			buildSettings = {
				ALWAYS_SEARCH_USER_PATHS = NO;
				CLANG_ANALYZER_NONNULL = YES;
				CLANG_ANALYZER_NUMBER_OBJECT_CONVERSION = YES_AGGRESSIVE;
				CLANG_CXX_LANGUAGE_STANDARD = "gnu++14";
				CLANG_CXX_LIBRARY = "libc++";
				CLANG_ENABLE_MODULES = YES;
				CLANG_ENABLE_OBJC_ARC = YES;
				CLANG_ENABLE_OBJC_WEAK = YES;
				CLANG_WARN_BLOCK_CAPTURE_AUTORELEASING = YES;
				CLANG_WARN_BOOL_CONVERSION = YES;
				CLANG_WARN_COMMA = YES;
				CLANG_WARN_CONSTANT_CONVERSION = YES;
				CLANG_WARN_DEPRECATED_OBJC_IMPLEMENTATIONS = YES;
				CLANG_WARN_DIRECT_OBJC_ISA_USAGE = YES_ERROR;
				CLANG_WARN_DOCUMENTATION_COMMENTS = YES;
				CLANG_WARN_EMPTY_BODY = YES;
				CLANG_WARN_ENUM_CONVERSION = YES;
				CLANG_WARN_INFINITE_RECURSION = YES;
				CLANG_WARN_INT_CONVERSION = YES;
				CLANG_WARN_NON_LITERAL_NULL_CONVERSION = YES;
				CLANG_WARN_OBJC_IMPLICIT_RETAIN_SELF = YES;
				CLANG_WARN_OBJC_LITERAL_CONVERSION = YES;
				CLANG_WARN_OBJC_ROOT_CLASS = YES_ERROR;
				CLANG_WARN_RANGE_LOOP_ANALYSIS = YES;
				CLANG_WARN_STRICT_PROTOTYPES = YES;
				CLANG_WARN_SUSPICIOUS_MOVE = YES;
				CLANG_WARN_UNGUARDED_AVAILABILITY = YES_AGGRESSIVE;
				CLANG_WARN_UNREACHABLE_CODE = YES;
				CLANG_WARN__DUPLICATE_METHOD_MATCH = YES;
				COPY_PHASE_STRIP = NO;
				DEBUG_INFORMATION_FORMAT = "dwarf-with-dsym";
				ENABLE_NS_ASSERTIONS = NO;
				ENABLE_STRICT_OBJC_MSGSEND = YES;
				GCC_C_LANGUAGE_STANDARD = gnu11;
				GCC_NO_COMMON_BLOCKS = YES;
				GCC_WARN_64_TO_32_BIT_CONVERSION = YES;
				GCC_WARN_ABOUT_RETURN_TYPE = YES_ERROR;
				GCC_WARN_UNDECLARED_SELECTOR = YES;
				GCC_WARN_UNINITIALIZED_AUTOS = YES_AGGRESSIVE;
				GCC_WARN_UNUSED_FUNCTION = YES;
				GCC_WARN_UNUSED_VARIABLE = YES;
				MACOSX_DEPLOYMENT_TARGET = 10.14;
				MTL_ENABLE_DEBUG_INFO = NO;
				MTL_FAST_MATH = YES;
				SDKROOT = macosx;
			};
			name = Release;
		};
		2B1FC4C723C943E100CC75C0 /* Debug */ = {
			isa = XCBuildConfiguration;
			buildSettings = {
				CODE_SIGN_STYLE = Automatic;
				PRODUCT_NAME = "$(TARGET_NAME)";
			};
			name = Debug;
		};
		2B1FC4C823C943E100CC75C0 /* Release */ = {
			isa = XCBuildConfiguration;
			buildSettings = {
				CODE_SIGN_STYLE = Automatic;
				PRODUCT_NAME = "$(TARGET_NAME)";
			};
			name = Release;
		};
/* End XCBuildConfiguration section */

/* Begin XCConfigurationList section */
		2B1FC4BA23C943E100CC75C0 /* Build configuration list for PBXProject "Cpp_Leaning" */ = {
			isa = XCConfigurationList;
			buildConfigurations = (
				2B1FC4C423C943E100CC75C0 /* Debug */,
				2B1FC4C523C943E100CC75C0 /* Release */,
			);
			defaultConfigurationIsVisible = 0;
			defaultConfigurationName = Release;
		};
		2B1FC4C623C943E100CC75C0 /* Build configuration list for PBXNativeTarget "Cpp_Leaning" */ = {
			isa = XCConfigurationList;
			buildConfigurations = (
				2B1FC4C723C943E100CC75C0 /* Debug */,
				2B1FC4C823C943E100CC75C0 /* Release */,
			);
			defaultConfigurationIsVisible = 0;
			defaultConfigurationName = Release;
		};
/* End XCConfigurationList section */
	};
	rootObject = 2B1FC4B723C943E100CC75C0 /* Project object */;
}
